// !$*UTF8*$!
{
	archiveVersion = 1;
	classes = {
	};
	objectVersion = 46;
	objects = {

/* Begin PBXBuildFile section */
		0EC17F8B1A9DAF2500FF31E2 /* AppDelegate.m in Sources */ = {isa = PBXBuildFile; fileRef = 0EC17F7E1A9DAF2500FF31E2 /* AppDelegate.m */; };
		0EC17F8C1A9DAF2500FF31E2 /* LaunchScreen.xib in Resources */ = {isa = PBXBuildFile; fileRef = 0EC17F801A9DAF2500FF31E2 /* LaunchScreen.xib */; };
		0EC17F8D1A9DAF2500FF31E2 /* Images.xcassets in Resources */ = {isa = PBXBuildFile; fileRef = 0EC17F821A9DAF2500FF31E2 /* Images.xcassets */; };
		0EC17F901A9DAF2500FF31E2 /* main.m in Sources */ = {isa = PBXBuildFile; fileRef = 0EC17F861A9DAF2500FF31E2 /* main.m */; };
		0EC17F961A9DAFD100FF31E2 /* ImageUrl.m in Sources */ = {isa = PBXBuildFile; fileRef = 0EC17F951A9DAFD100FF31E2 /* ImageUrl.m */; };
		0EC17F9B1A9DB00E00FF31E2 /* ViewController.m in Sources */ = {isa = PBXBuildFile; fileRef = 0EC17F9A1A9DB00E00FF31E2 /* ViewController.m */; };
		0EC17F9E1A9DB01600FF31E2 /* WheelView.m in Sources */ = {isa = PBXBuildFile; fileRef = 0EC17F9D1A9DB01600FF31E2 /* WheelView.m */; };
		0EC8F5611A9DC50000481445 /* Info.plist in Resources */ = {isa = PBXBuildFile; fileRef = 0EC17F851A9DAF2500FF31E2 /* Info.plist */; };
		0EE4034B1A90414C0054AB60 /* wheelTests.m in Sources */ = {isa = PBXBuildFile; fileRef = 0EE4034A1A90414C0054AB60 /* wheelTests.m */; };
		71CE1ADA813EACE918370616 /* libPods.a in Frameworks */ = {isa = PBXBuildFile; fileRef = 451A86EDE5922EE71A555181 /* libPods.a */; };
/* End PBXBuildFile section */

/* Begin PBXContainerItemProxy section */
		0EE403451A90414C0054AB60 /* PBXContainerItemProxy */ = {
			isa = PBXContainerItemProxy;
			containerPortal = 0EE403231A90414C0054AB60 /* Project object */;
			proxyType = 1;
			remoteGlobalIDString = 0EE4032A1A90414C0054AB60;
			remoteInfo = wheel;
		};
/* End PBXContainerItemProxy section */

/* Begin PBXFileReference section */
		0EC17F7D1A9DAF2500FF31E2 /* AppDelegate.h */ = {isa = PBXFileReference; fileEncoding = 4; lastKnownFileType = sourcecode.c.h; path = AppDelegate.h; sourceTree = "<group>"; };
		0EC17F7E1A9DAF2500FF31E2 /* AppDelegate.m */ = {isa = PBXFileReference; fileEncoding = 4; lastKnownFileType = sourcecode.c.objc; path = AppDelegate.m; sourceTree = "<group>"; };
		0EC17F811A9DAF2500FF31E2 /* Base */ = {isa = PBXFileReference; lastKnownFileType = file.xib; name = Base; path = LaunchScreen.xib; sourceTree = "<group>"; };
		0EC17F821A9DAF2500FF31E2 /* Images.xcassets */ = {isa = PBXFileReference; lastKnownFileType = folder.assetcatalog; path = Images.xcassets; sourceTree = "<group>"; };
		0EC17F851A9DAF2500FF31E2 /* Info.plist */ = {isa = PBXFileReference; fileEncoding = 4; lastKnownFileType = text.plist.xml; path = Info.plist; sourceTree = "<group>"; };
		0EC17F861A9DAF2500FF31E2 /* main.m */ = {isa = PBXFileReference; fileEncoding = 4; lastKnownFileType = sourcecode.c.objc; path = main.m; sourceTree = "<group>"; };
		0EC17F941A9DAFD100FF31E2 /* ImageUrl.h */ = {isa = PBXFileReference; fileEncoding = 4; lastKnownFileType = sourcecode.c.h; path = ImageUrl.h; sourceTree = "<group>"; };
		0EC17F951A9DAFD100FF31E2 /* ImageUrl.m */ = {isa = PBXFileReference; fileEncoding = 4; lastKnownFileType = sourcecode.c.objc; path = ImageUrl.m; sourceTree = "<group>"; };
		0EC17F991A9DB00E00FF31E2 /* ViewController.h */ = {isa = PBXFileReference; fileEncoding = 4; lastKnownFileType = sourcecode.c.h; path = ViewController.h; sourceTree = "<group>"; };
		0EC17F9A1A9DB00E00FF31E2 /* ViewController.m */ = {isa = PBXFileReference; fileEncoding = 4; lastKnownFileType = sourcecode.c.objc; path = ViewController.m; sourceTree = "<group>"; };
		0EC17F9C1A9DB01600FF31E2 /* WheelView.h */ = {isa = PBXFileReference; fileEncoding = 4; lastKnownFileType = sourcecode.c.h; path = WheelView.h; sourceTree = "<group>"; };
		0EC17F9D1A9DB01600FF31E2 /* WheelView.m */ = {isa = PBXFileReference; fileEncoding = 4; lastKnownFileType = sourcecode.c.objc; path = WheelView.m; sourceTree = "<group>"; };
		0EE4032B1A90414C0054AB60 /* wheel.app */ = {isa = PBXFileReference; explicitFileType = wrapper.application; includeInIndex = 0; path = wheel.app; sourceTree = BUILT_PRODUCTS_DIR; };
		0EE403441A90414C0054AB60 /* wheelTests.xctest */ = {isa = PBXFileReference; explicitFileType = wrapper.cfbundle; includeInIndex = 0; path = wheelTests.xctest; sourceTree = BUILT_PRODUCTS_DIR; };
		0EE403491A90414C0054AB60 /* Info.plist */ = {isa = PBXFileReference; lastKnownFileType = text.plist.xml; path = Info.plist; sourceTree = "<group>"; };
		0EE4034A1A90414C0054AB60 /* wheelTests.m */ = {isa = PBXFileReference; lastKnownFileType = sourcecode.c.objc; path = wheelTests.m; sourceTree = "<group>"; };
		451A86EDE5922EE71A555181 /* libPods.a */ = {isa = PBXFileReference; explicitFileType = archive.ar; includeInIndex = 0; path = libPods.a; sourceTree = BUILT_PRODUCTS_DIR; };
		B46EF72F1144B37371DF186B /* Pods.release.xcconfig */ = {isa = PBXFileReference; includeInIndex = 1; lastKnownFileType = text.xcconfig; name = Pods.release.xcconfig; path = "Pods/Target Support Files/Pods/Pods.release.xcconfig"; sourceTree = "<group>"; };
		E0521EFE3FA76A02709C1325 /* Pods.debug.xcconfig */ = {isa = PBXFileReference; includeInIndex = 1; lastKnownFileType = text.xcconfig; name = Pods.debug.xcconfig; path = "Pods/Target Support Files/Pods/Pods.debug.xcconfig"; sourceTree = "<group>"; };
/* End PBXFileReference section */

/* Begin PBXFrameworksBuildPhase section */
		0EE403281A90414C0054AB60 /* Frameworks */ = {
			isa = PBXFrameworksBuildPhase;
			buildActionMask = 2147483647;
			files = (
				71CE1ADA813EACE918370616 /* libPods.a in Frameworks */,
			);
			runOnlyForDeploymentPostprocessing = 0;
		};
		0EE403411A90414C0054AB60 /* Frameworks */ = {
			isa = PBXFrameworksBuildPhase;
			buildActionMask = 2147483647;
			files = (
			);
			runOnlyForDeploymentPostprocessing = 0;
		};
/* End PBXFrameworksBuildPhase section */

/* Begin PBXGroup section */
		0EC17F7C1A9DAF0A00FF31E2 /* Class */ = {
			isa = PBXGroup;
			children = (
				0EC17F981A9DAFEF00FF31E2 /* Controller */,
				0EC17F971A9DAFE900FF31E2 /* View */,
				0EC17F931A9DAF5A00FF31E2 /* Model */,
				0EC17F7D1A9DAF2500FF31E2 /* AppDelegate.h */,
				0EC17F7E1A9DAF2500FF31E2 /* AppDelegate.m */,
				0EC17F7F1A9DAF2500FF31E2 /* Base.lproj */,
				0EC17F821A9DAF2500FF31E2 /* Images.xcassets */,
				0EC17F851A9DAF2500FF31E2 /* Info.plist */,
				0EC17F861A9DAF2500FF31E2 /* main.m */,
			);
			path = Class;
			sourceTree = "<group>";
		};
		0EC17F7F1A9DAF2500FF31E2 /* Base.lproj */ = {
			isa = PBXGroup;
			children = (
				0EC17F801A9DAF2500FF31E2 /* LaunchScreen.xib */,
			);
			path = Base.lproj;
			sourceTree = "<group>";
		};
		0EC17F931A9DAF5A00FF31E2 /* Model */ = {
			isa = PBXGroup;
			children = (
				0EC17F941A9DAFD100FF31E2 /* ImageUrl.h */,
				0EC17F951A9DAFD100FF31E2 /* ImageUrl.m */,
			);
			path = Model;
			sourceTree = "<group>";
		};
		0EC17F971A9DAFE900FF31E2 /* View */ = {
			isa = PBXGroup;
			children = (
				0EC17F9C1A9DB01600FF31E2 /* WheelView.h */,
				0EC17F9D1A9DB01600FF31E2 /* WheelView.m */,
			);
			path = View;
			sourceTree = "<group>";
		};
		0EC17F981A9DAFEF00FF31E2 /* Controller */ = {
			isa = PBXGroup;
			children = (
				0EC17F991A9DB00E00FF31E2 /* ViewController.h */,
				0EC17F9A1A9DB00E00FF31E2 /* ViewController.m */,
			);
			path = Controller;
			sourceTree = "<group>";
		};
		0EE403221A90414C0054AB60 = {
			isa = PBXGroup;
			children = (
				0EC17F7C1A9DAF0A00FF31E2 /* Class */,
				0EE403471A90414C0054AB60 /* wheelTests */,
				0EE4032C1A90414C0054AB60 /* Products */,
				A3CBDFC55830F47E82CFD6E4 /* Pods */,
				F99C69BE458D3EEADDF11113 /* Frameworks */,
			);
			sourceTree = "<group>";
		};
		0EE4032C1A90414C0054AB60 /* Products */ = {
			isa = PBXGroup;
			children = (
				0EE4032B1A90414C0054AB60 /* wheel.app */,
				0EE403441A90414C0054AB60 /* wheelTests.xctest */,
			);
			name = Products;
			sourceTree = "<group>";
		};
		0EE403471A90414C0054AB60 /* wheelTests */ = {
			isa = PBXGroup;
			children = (
				0EE4034A1A90414C0054AB60 /* wheelTests.m */,
				0EE403481A90414C0054AB60 /* Supporting Files */,
			);
			path = wheelTests;
			sourceTree = "<group>";
		};
		0EE403481A90414C0054AB60 /* Supporting Files */ = {
			isa = PBXGroup;
			children = (
				0EE403491A90414C0054AB60 /* Info.plist */,
			);
			name = "Supporting Files";
			sourceTree = "<group>";
		};
		A3CBDFC55830F47E82CFD6E4 /* Pods */ = {
			isa = PBXGroup;
			children = (
				E0521EFE3FA76A02709C1325 /* Pods.debug.xcconfig */,
				B46EF72F1144B37371DF186B /* Pods.release.xcconfig */,
			);
			name = Pods;
			sourceTree = "<group>";
		};
		F99C69BE458D3EEADDF11113 /* Frameworks */ = {
			isa = PBXGroup;
			children = (
				451A86EDE5922EE71A555181 /* libPods.a */,
			);
			name = Frameworks;
			sourceTree = "<group>";
		};
/* End PBXGroup section */

/* Begin PBXNativeTarget section */
		0EE4032A1A90414C0054AB60 /* wheel */ = {
			isa = PBXNativeTarget;
			buildConfigurationList = 0EE4034E1A90414C0054AB60 /* Build configuration list for PBXNativeTarget "wheel" */;
			buildPhases = (
				10C73BD5552C229CD3BB1D1E /* Check Pods Manifest.lock */,
				0EE403271A90414C0054AB60 /* Sources */,
				0EE403281A90414C0054AB60 /* Frameworks */,
				0EE403291A90414C0054AB60 /* Resources */,
				3A77E1ABFB9F808B84061FF8 /* Copy Pods Resources */,
			);
			buildRules = (
			);
			dependencies = (
			);
			name = wheel;
			productName = wheel;
			productReference = 0EE4032B1A90414C0054AB60 /* wheel.app */;
			productType = "com.apple.product-type.application";
		};
		0EE403431A90414C0054AB60 /* wheelTests */ = {
			isa = PBXNativeTarget;
			buildConfigurationList = 0EE403511A90414C0054AB60 /* Build configuration list for PBXNativeTarget "wheelTests" */;
			buildPhases = (
				0EE403401A90414C0054AB60 /* Sources */,
				0EE403411A90414C0054AB60 /* Frameworks */,
				0EE403421A90414C0054AB60 /* Resources */,
			);
			buildRules = (
			);
			dependencies = (
				0EE403461A90414C0054AB60 /* PBXTargetDependency */,
			);
			name = wheelTests;
			productName = wheelTests;
			productReference = 0EE403441A90414C0054AB60 /* wheelTests.xctest */;
			productType = "com.apple.product-type.bundle.unit-test";
		};
/* End PBXNativeTarget section */

/* Begin PBXProject section */
		0EE403231A90414C0054AB60 /* Project object */ = {
			isa = PBXProject;
			attributes = {
				LastUpgradeCheck = 0610;
				ORGANIZATIONNAME = honglianglu;
				TargetAttributes = {
					0EE4032A1A90414C0054AB60 = {
						CreatedOnToolsVersion = 6.1;
					};
					0EE403431A90414C0054AB60 = {
						CreatedOnToolsVersion = 6.1;
						TestTargetID = 0EE4032A1A90414C0054AB60;
					};
				};
			};
			buildConfigurationList = 0EE403261A90414C0054AB60 /* Build configuration list for PBXProject "wheel" */;
			compatibilityVersion = "Xcode 3.2";
			developmentRegion = English;
			hasScannedForEncodings = 0;
			knownRegions = (
				en,
				Base,
			);
			mainGroup = 0EE403221A90414C0054AB60;
			productRefGroup = 0EE4032C1A90414C0054AB60 /* Products */;
			projectDirPath = "";
			projectRoot = "";
			targets = (
				0EE4032A1A90414C0054AB60 /* wheel */,
				0EE403431A90414C0054AB60 /* wheelTests */,
			);
		};
/* End PBXProject section */

/* Begin PBXResourcesBuildPhase section */
		0EE403291A90414C0054AB60 /* Resources */ = {
			isa = PBXResourcesBuildPhase;
			buildActionMask = 2147483647;
			files = (
				0EC8F5611A9DC50000481445 /* Info.plist in Resources */,
				0EC17F8D1A9DAF2500FF31E2 /* Images.xcassets in Resources */,
				0EC17F8C1A9DAF2500FF31E2 /* LaunchScreen.xib in Resources */,
			);
			runOnlyForDeploymentPostprocessing = 0;
		};
		0EE403421A90414C0054AB60 /* Resources */ = {
			isa = PBXResourcesBuildPhase;
			buildActionMask = 2147483647;
			files = (
			);
			runOnlyForDeploymentPostprocessing = 0;
		};
/* End PBXResourcesBuildPhase section */

/* Begin PBXShellScriptBuildPhase section */
		10C73BD5552C229CD3BB1D1E /* Check Pods Manifest.lock */ = {
			isa = PBXShellScriptBuildPhase;
			buildActionMask = 2147483647;
			files = (
			);
			inputPaths = (
			);
			name = "Check Pods Manifest.lock";
			outputPaths = (
			);
			runOnlyForDeploymentPostprocessing = 0;
			shellPath = /bin/sh;
			shellScript = "diff \"${PODS_ROOT}/../Podfile.lock\" \"${PODS_ROOT}/Manifest.lock\" > /dev/null\nif [[ $? != 0 ]] ; then\n    cat << EOM\nerror: The sandbox is not in sync with the Podfile.lock. Run 'pod install' or update your CocoaPods installation.\nEOM\n    exit 1\nfi\n";
			showEnvVarsInLog = 0;
		};
		3A77E1ABFB9F808B84061FF8 /* Copy Pods Resources */ = {
			isa = PBXShellScriptBuildPhase;
			buildActionMask = 2147483647;
			files = (
			);
			inputPaths = (
			);
			name = "Copy Pods Resources";
			outputPaths = (
			);
			runOnlyForDeploymentPostprocessing = 0;
			shellPath = /bin/sh;
			shellScript = "\"${SRCROOT}/Pods/Target Support Files/Pods/Pods-resources.sh\"\n";
			showEnvVarsInLog = 0;
		};
/* End PBXShellScriptBuildPhase section */

/* Begin PBXSourcesBuildPhase section */
		0EE403271A90414C0054AB60 /* Sources */ = {
			isa = PBXSourcesBuildPhase;
			buildActionMask = 2147483647;
			files = (
				0EC17F8B1A9DAF2500FF31E2 /* AppDelegate.m in Sources */,
				0EC17F9E1A9DB01600FF31E2 /* WheelView.m in Sources */,
				0EC17F901A9DAF2500FF31E2 /* main.m in Sources */,
				0EC17F961A9DAFD100FF31E2 /* ImageUrl.m in Sources */,
				0EC17F9B1A9DB00E00FF31E2 /* ViewController.m in Sources */,
			);
			runOnlyForDeploymentPostprocessing = 0;
		};
		0EE403401A90414C0054AB60 /* Sources */ = {
			isa = PBXSourcesBuildPhase;
			buildActionMask = 2147483647;
			files = (
				0EE4034B1A90414C0054AB60 /* wheelTests.m in Sources */,
			);
			runOnlyForDeploymentPostprocessing = 0;
		};
/* End PBXSourcesBuildPhase section */

/* Begin PBXTargetDependency section */
		0EE403461A90414C0054AB60 /* PBXTargetDependency */ = {
			isa = PBXTargetDependency;
			target = 0EE4032A1A90414C0054AB60 /* wheel */;
			targetProxy = 0EE403451A90414C0054AB60 /* PBXContainerItemProxy */;
		};
/* End PBXTargetDependency section */

/* Begin PBXVariantGroup section */
		0EC17F801A9DAF2500FF31E2 /* LaunchScreen.xib */ = {
			isa = PBXVariantGroup;
			children = (
				0EC17F811A9DAF2500FF31E2 /* Base */,
			);
			name = LaunchScreen.xib;
			sourceTree = "<group>";
		};
/* End PBXVariantGroup section */

/* Begin XCBuildConfiguration section */
		0EE4034C1A90414C0054AB60 /* Debug */ = {
			isa = XCBuildConfiguration;
			buildSettings = {
				ALWAYS_SEARCH_USER_PATHS = NO;
				CLANG_CXX_LANGUAGE_STANDARD = "gnu++0x";
				CLANG_CXX_LIBRARY = "libc++";
				CLANG_ENABLE_MODULES = YES;
				CLANG_ENABLE_OBJC_ARC = YES;
				CLANG_WARN_BOOL_CONVERSION = YES;
				CLANG_WARN_CONSTANT_CONVERSION = YES;
				CLANG_WARN_DIRECT_OBJC_ISA_USAGE = YES_ERROR;
				CLANG_WARN_EMPTY_BODY = YES;
				CLANG_WARN_ENUM_CONVERSION = YES;
				CLANG_WARN_INT_CONVERSION = YES;
				CLANG_WARN_OBJC_ROOT_CLASS = YES_ERROR;
				CLANG_WARN_UNREACHABLE_CODE = YES;
				CLANG_WARN__DUPLICATE_METHOD_MATCH = YES;
				"CODE_SIGN_IDENTITY[sdk=iphoneos*]" = "iPhone Developer";
				COPY_PHASE_STRIP = NO;
				ENABLE_STRICT_OBJC_MSGSEND = YES;
				GCC_C_LANGUAGE_STANDARD = gnu99;
				GCC_DYNAMIC_NO_PIC = NO;
				GCC_OPTIMIZATION_LEVEL = 0;
				GCC_PREPROCESSOR_DEFINITIONS = (
					"DEBUG=1",
					"$(inherited)",
				);
				GCC_SYMBOLS_PRIVATE_EXTERN = NO;
				GCC_WARN_64_TO_32_BIT_CONVERSION = YES;
				GCC_WARN_ABOUT_RETURN_TYPE = YES_ERROR;
				GCC_WARN_UNDECLARED_SELECTOR = YES;
				GCC_WARN_UNINITIALIZED_AUTOS = YES_AGGRESSIVE;
				GCC_WARN_UNUSED_FUNCTION = YES;
				GCC_WARN_UNUSED_VARIABLE = YES;
				IPHONEOS_DEPLOYMENT_TARGET = 8.1;
				MTL_ENABLE_DEBUG_INFO = YES;
				ONLY_ACTIVE_ARCH = YES;
				SDKROOT = iphoneos;
			};
			name = Debug;
		};
		0EE4034D1A90414C0054AB60 /* Release */ = {
			isa = XCBuildConfiguration;
			buildSettings = {
				ALWAYS_SEARCH_USER_PATHS = NO;
				CLANG_CXX_LANGUAGE_STANDARD = "gnu++0x";
				CLANG_CXX_LIBRARY = "libc++";
				CLANG_ENABLE_MODULES = YES;
				CLANG_ENABLE_OBJC_ARC = YES;
				CLANG_WARN_BOOL_CONVERSION = YES;
				CLANG_WARN_CONSTANT_CONVERSION = YES;
				CLANG_WARN_DIRECT_OBJC_ISA_USAGE = YES_ERROR;
				CLANG_WARN_EMPTY_BODY = YES;
				CLANG_WARN_ENUM_CONVERSION = YES;
				CLANG_WARN_INT_CONVERSION = YES;
				CLANG_WARN_OBJC_ROOT_CLASS = YES_ERROR;
				CLANG_WARN_UNREACHABLE_CODE = YES;
				CLANG_WARN__DUPLICATE_METHOD_MATCH = YES;
				"CODE_SIGN_IDENTITY[sdk=iphoneos*]" = "iPhone Developer";
				COPY_PHASE_STRIP = YES;
				ENABLE_NS_ASSERTIONS = NO;
				ENABLE_STRICT_OBJC_MSGSEND = YES;
				GCC_C_LANGUAGE_STANDARD = gnu99;
				GCC_WARN_64_TO_32_BIT_CONVERSION = YES;
				GCC_WARN_ABOUT_RETURN_TYPE = YES_ERROR;
				GCC_WARN_UNDECLARED_SELECTOR = YES;
				GCC_WARN_UNINITIALIZED_AUTOS = YES_AGGRESSIVE;
				GCC_WARN_UNUSED_FUNCTION = YES;
				GCC_WARN_UNUSED_VARIABLE = YES;
				IPHONEOS_DEPLOYMENT_TARGET = 8.1;
				MTL_ENABLE_DEBUG_INFO = NO;
				SDKROOT = iphoneos;
				VALIDATE_PRODUCT = YES;
			};
			name = Release;
		};
		0EE4034F1A90414C0054AB60 /* Debug */ = {
			isa = XCBuildConfiguration;
			baseConfigurationReference = E0521EFE3FA76A02709C1325 /* Pods.debug.xcconfig */;
			buildSettings = {
				ASSETCATALOG_COMPILER_APPICON_NAME = AppIcon;
				INFOPLIST_FILE = Class/Info.plist;
				IPHONEOS_DEPLOYMENT_TARGET = 8.1;
				LD_RUNPATH_SEARCH_PATHS = "$(inherited) @executable_path/Frameworks";
				PRODUCT_NAME = "$(TARGET_NAME)";
			};
			name = Debug;
		};
		0EE403501A90414C0054AB60 /* Release */ = {
			isa = XCBuildConfiguration;
			baseConfigurationReference = B46EF72F1144B37371DF186B /* Pods.release.xcconfig */;
			buildSettings = {
				ASSETCATALOG_COMPILER_APPICON_NAME = AppIcon;
				INFOPLIST_FILE = Class/Info.plist;
				IPHONEOS_DEPLOYMENT_TARGET = 8.1;
				LD_RUNPATH_SEARCH_PATHS = "$(inherited) @executable_path/Frameworks";
				PRODUCT_NAME = "$(TARGET_NAME)";
			};
			name = Release;
		};
		0EE403521A90414C0054AB60 /* Debug */ = {
			isa = XCBuildConfiguration;
			buildSettings = {
				BUNDLE_LOADER = "$(TEST_HOST)";
				FRAMEWORK_SEARCH_PATHS = (
					"$(SDKROOT)/Developer/Library/Frameworks",
					"$(inherited)",
				);
				GCC_PREPROCESSOR_DEFINITIONS = (
					"DEBUG=1",
					"$(inherited)",
				);
				INFOPLIST_FILE = wheelTests/Info.plist;
				LD_RUNPATH_SEARCH_PATHS = "$(inherited) @executable_path/Frameworks @loader_path/Frameworks";
				PRODUCT_NAME = "$(TARGET_NAME)";
				TEST_HOST = "$(BUILT_PRODUCTS_DIR)/wheel.app/wheel";
			};
			name = Debug;
		};
		0EE403531A90414C0054AB60 /* Release */ = {
			isa = XCBuildConfiguration;
			buildSettings = {
				BUNDLE_LOADER = "$(TEST_HOST)";
				FRAMEWORK_SEARCH_PATHS = (
					"$(SDKROOT)/Developer/Library/Frameworks",
					"$(inherited)",
				);
				INFOPLIST_FILE = wheelTests/Info.plist;
				LD_RUNPATH_SEARCH_PATHS = "$(inherited) @executable_path/Frameworks @loader_path/Frameworks";
				PRODUCT_NAME = "$(TARGET_NAME)";
				TEST_HOST = "$(BUILT_PRODUCTS_DIR)/wheel.app/wheel";
			};
			name = Release;
		};
/* End XCBuildConfiguration section */

/* Begin XCConfigurationList section */
		0EE403261A90414C0054AB60 /* Build configuration list for PBXProject "wheel" */ = {
			isa = XCConfigurationList;
			buildConfigurations = (
				0EE4034C1A90414C0054AB60 /* Debug */,
				0EE4034D1A90414C0054AB60 /* Release */,
			);
			defaultConfigurationIsVisible = 0;
			defaultConfigurationName = Release;
		};
		0EE4034E1A90414C0054AB60 /* Build configuration list for PBXNativeTarget "wheel" */ = {
			isa = XCConfigurationList;
			buildConfigurations = (
				0EE4034F1A90414C0054AB60 /* Debug */,
				0EE403501A90414C0054AB60 /* Release */,
			);
			defaultConfigurationIsVisible = 0;
			defaultConfigurationName = Release;
		};
		0EE403511A90414C0054AB60 /* Build configuration list for PBXNativeTarget "wheelTests" */ = {
			isa = XCConfigurationList;
			buildConfigurations = (
				0EE403521A90414C0054AB60 /* Debug */,
				0EE403531A90414C0054AB60 /* Release */,
			);
			defaultConfigurationIsVisible = 0;
			defaultConfigurationName = Release;
		};
/* End XCConfigurationList section */
	};
	rootObject = 0EE403231A90414C0054AB60 /* Project object */;
}
